
Microsoft Visual Studio Solution File, Format Version 12.00
# Visual Studio 14
VisualStudioVersion = 14.0.25420.1
MinimumVisualStudioVersion = 10.0.40219.1
Project("{2150E333-8FDC-42A3-9474-1A3956D46DE8}") = "src", "src", "{F7A90648-6309-4A42-9970-E5C9D8741178}"
EndProject
Project("{2150E333-8FDC-42A3-9474-1A3956D46DE8}") = "Solution Items", "Solution Items", "{B3D52502-BC7B-4ABB-8955-4DE3F00A0183}"
	ProjectSection(SolutionItems) = preProject
		global.json = global.json
	EndProjectSection
EndProject
Project("{8BB2217D-0F2D-49D1-97BC-3654ED321F3B}") = "MailChimp", "src\MailChimp\MailChimp.xproj", "{1A501BA6-60A5-4C29-8482-2CAC8A279649}"
EndProject
Global
	GlobalSection(SolutionConfigurationPlatforms) = preSolution
		Debug|Any CPU = Debug|Any CPU
		Release|Any CPU = Release|Any CPU
	EndGlobalSection
	GlobalSection(ProjectConfigurationPlatforms) = postSolution
		{1A501BA6-60A5-4C29-8482-2CAC8A279649}.Debug|Any CPU.ActiveCfg = Debug|Any CPU
		{1A501BA6-60A5-4C29-8482-2CAC8A279649}.Debug|Any CPU.Build.0 = Debug|Any CPU
		{1A501BA6-60A5-4C29-8482-2CAC8A279649}.Release|Any CPU.ActiveCfg = Release|Any CPU
		{1A501BA6-60A5-4C29-8482-2CAC8A279649}.Release|Any CPU.Build.0 = Release|Any CPU
	EndGlobalSection
	GlobalSection(SolutionProperties) = preSolution
		HideSolutionNode = FALSE
	EndGlobalSection
	GlobalSection(NestedProjects) = preSolution
		{1A501BA6-60A5-4C29-8482-2CAC8A279649} = {F7A90648-6309-4A42-9970-E5C9D8741178}
	EndGlobalSection
EndGlobal
